{
	"name": "IntelligentCountryside",
	"lockfileVersion": 2,
	"requires": true,
	"packages": {
		"": {
			"dependencies": {
				"@escook/request-miniprogram": "^0.2.1",
				"uview-ui": "^1.8.4",
				"weui-miniprogram": "^1.2.3"
			}
		},
		"node_modules/@escook/request-miniprogram": {
			"version": "0.2.1",
			"resolved": "https://registry.npmjs.org/@escook/request-miniprogram/-/request-miniprogram-0.2.1.tgz",
			"integrity": "sha512-ueWV5YsaEm/ycQZuEjMiA88GFMhfBQSjy9GrP9omy4xAQajkGTbYIlnhzsDfWzRPmRC1fKmAiKMrCVcgS+SHcQ=="
		},
		"node_modules/uview-ui": {
			"version": "1.8.6",
			"resolved": "https://registry.npmjs.org/uview-ui/-/uview-ui-1.8.6.tgz",
			"integrity": "sha512-R93WU6htCP2Fpw668ABpF7Y8UqIx66pUKGAwBYLDkbnIldyKWkjtfJzqjFm22tF41ty6FVB+82L+gIL775c5LQ=="
		},
		"node_modules/weui-miniprogram": {
			"version": "1.2.3",
			"resolved": "https://registry.npmjs.org/weui-miniprogram/-/weui-miniprogram-1.2.3.tgz",
			"integrity": "sha512-PFlPKnIVTkt3CMrasTVKFEoDO4kfy1i3p4g8iU255ydZnxieGpHGa1d5gvVH9qpmxMPoIpjN57YoP/drLbJQrg=="
		}
	},
	"dependencies": {
		"@escook/request-miniprogram": {
			"version": "0.2.1",
			"resolved": "https://registry.npmjs.org/@escook/request-miniprogram/-/request-miniprogram-0.2.1.tgz",
			"integrity": "sha512-ueWV5YsaEm/ycQZuEjMiA88GFMhfBQSjy9GrP9omy4xAQajkGTbYIlnhzsDfWzRPmRC1fKmAiKMrCVcgS+SHcQ=="
		},
		"uview-ui": {
			"version": "1.8.6",
			"resolved": "https://registry.npmjs.org/uview-ui/-/uview-ui-1.8.6.tgz",
			"integrity": "sha512-R93WU6htCP2Fpw668ABpF7Y8UqIx66pUKGAwBYLDkbnIldyKWkjtfJzqjFm22tF41ty6FVB+82L+gIL775c5LQ=="
		},
		"weui-miniprogram": {
			"version": "1.2.3",
			"resolved": "https://registry.npmjs.org/weui-miniprogram/-/weui-miniprogram-1.2.3.tgz",
			"integrity": "sha512-PFlPKnIVTkt3CMrasTVKFEoDO4kfy1i3p4g8iU255ydZnxieGpHGa1d5gvVH9qpmxMPoIpjN57YoP/drLbJQrg=="
		}
	}
}
